
Microsoft Visual Studio Solution File, Format Version 12.00
# Visual Studio Version 17
VisualStudioVersion = 17.4.33205.214
MinimumVisualStudioVersion = 10.0.40219.1
Project("{9A19103F-16F7-4668-BE54-9A1E7A4F7556}") = "BoolCombinationEmptiness", "src\BoolCombinationEmptiness\BoolCombinationEmptiness.csproj", "{46ACEF07-29AB-474A-8F1D-5ECD0A0F5AE5}"
	ProjectSection(ProjectDependencies) = postProject
		{5997A772-7FCA-4AF7-8CC3-28469A8937BC} = {5997A772-7FCA-4AF7-8CC3-28469A8937BC}
	EndProjectSection
EndProject
Project("{9A19103F-16F7-4668-BE54-9A1E7A4F7556}") = "Automata", "src\Automata\Automata.csproj", "{5997A772-7FCA-4AF7-8CC3-28469A8937BC}"
EndProject
Global
	GlobalSection(SolutionConfigurationPlatforms) = preSolution
		Debug|Any CPU = Debug|Any CPU
		Release|Any CPU = Release|Any CPU
	EndGlobalSection
	GlobalSection(ProjectConfigurationPlatforms) = postSolution
		{46ACEF07-29AB-474A-8F1D-5ECD0A0F5AE5}.Debug|Any CPU.ActiveCfg = Debug|Any CPU
		{46ACEF07-29AB-474A-8F1D-5ECD0A0F5AE5}.Debug|Any CPU.Build.0 = Debug|Any CPU
		{46ACEF07-29AB-474A-8F1D-5ECD0A0F5AE5}.Release|Any CPU.ActiveCfg = Release|Any CPU
		{46ACEF07-29AB-474A-8F1D-5ECD0A0F5AE5}.Release|Any CPU.Build.0 = Release|Any CPU
		{5997A772-7FCA-4AF7-8CC3-28469A8937BC}.Debug|Any CPU.ActiveCfg = Debug|Any CPU
		{5997A772-7FCA-4AF7-8CC3-28469A8937BC}.Debug|Any CPU.Build.0 = Debug|Any CPU
		{5997A772-7FCA-4AF7-8CC3-28469A8937BC}.Release|Any CPU.ActiveCfg = Release|Any CPU
		{5997A772-7FCA-4AF7-8CC3-28469A8937BC}.Release|Any CPU.Build.0 = Release|Any CPU
	EndGlobalSection
	GlobalSection(SolutionProperties) = preSolution
		HideSolutionNode = FALSE
	EndGlobalSection
	GlobalSection(ExtensibilityGlobals) = postSolution
		SolutionGuid = {DA293A73-98F6-4BB1-A201-D015D33B8264}
	EndGlobalSection
EndGlobal
